// !$*UTF8*$!
{
	archiveVersion = 1;
	classes = {
	};
	objectVersion = 77;
	objects = {

/* Begin PBXBuildFile section */
		F59662052FD5D37F006E547B /* NetworkingKit in Frameworks */ = {isa = PBXBuildFile; productRef = F59662042FD5D37F006E547B /* NetworkingKit */; };
/* End PBXBuildFile section */

/* Begin PBXContainerItemProxy section */
		F5BAF7442FD52E100009E281 /* PBXContainerItemProxy */ = {
			isa = PBXContainerItemProxy;
			containerPortal = F5BAF72C2FD52E0D0009E281 /* Project object */;
			proxyType = 1;
			remoteGlobalIDString = F5BAF7332FD52E0D0009E281;
			remoteInfo = CareerGrid;
		};
		F5BAF74E2FD52E100009E281 /* PBXContainerItemProxy */ = {
			isa = PBXContainerItemProxy;
			containerPortal = F5BAF72C2FD52E0D0009E281 /* Project object */;
			proxyType = 1;
			remoteGlobalIDString = F5BAF7332FD52E0D0009E281;
			remoteInfo = CareerGrid;
		};
/* End PBXContainerItemProxy section */

/* Begin PBXFileReference section */
		F543DFF22FD70C2B00EE96F8 /* CareerGrid.xctestplan */ = {isa = PBXFileReference; lastKnownFileType = file; path = CareerGrid.xctestplan; sourceTree = "<group>"; };
		F5BAF7342FD52E0D0009E281 /* CareerGrid.app */ = {isa = PBXFileReference; explicitFileType = wrapper.application; includeInIndex = 0; path = CareerGrid.app; sourceTree = BUILT_PRODUCTS_DIR; };
		F5BAF7432FD52E0F0009E281 /* CareerGridTests.xctest */ = {isa = PBXFileReference; explicitFileType = wrapper.cfbundle; includeInIndex = 0; path = CareerGridTests.xctest; sourceTree = BUILT_PRODUCTS_DIR; };
		F5BAF74D2FD52E100009E281 /* CareerGridUITests.xctest */ = {isa = PBXFileReference; explicitFileType = wrapper.cfbundle; includeInIndex = 0; path = CareerGridUITests.xctest; sourceTree = BUILT_PRODUCTS_DIR; };
/* End PBXFileReference section */

/* Begin PBXFileSystemSynchronizedRootGroup section */
		F5BAF7362FD52E0D0009E281 /* CareerGrid */ = {
			isa = PBXFileSystemSynchronizedRootGroup;
			path = CareerGrid;
			sourceTree = "<group>";
		};
		F5BAF7462FD52E100009E281 /* CareerGridTests */ = {
			isa = PBXFileSystemSynchronizedRootGroup;
			path = CareerGridTests;
			sourceTree = "<group>";
		};
/* End PBXFileSystemSynchronizedRootGroup section */

/* Begin PBXFrameworksBuildPhase section */
		F5BAF7312FD52E0D0009E281 /* Frameworks */ = {
			isa = PBXFrameworksBuildPhase;
			buildActionMask = 2147483647;
			files = (
				F59662052FD5D37F006E547B /* NetworkingKit in Frameworks */,
			);
			runOnlyForDeploymentPostprocessing = 0;
		};
		F5BAF7402FD52E0F0009E281 /* Frameworks */ = {
			isa = PBXFrameworksBuildPhase;
			buildActionMask = 2147483647;
			files = (
			);
			runOnlyForDeploymentPostprocessing = 0;
		};
		F5BAF74A2FD52E100009E281 /* Frameworks */ = {
			isa = PBXFrameworksBuildPhase;
			buildActionMask = 2147483647;
			files = (
			);
			runOnlyForDeploymentPostprocessing = 0;
		};
/* End PBXFrameworksBuildPhase section */

/* Begin PBXGroup section */
		F59662032FD5D37F006E547B /* Frameworks */ = {
			isa = PBXGroup;
			children = (
			);
			name = Frameworks;
			sourceTree = "<group>";
		};
		F5BAF72B2FD52E0D0009E281 = {
			isa = PBXGroup;
			children = (
				F543DFF22FD70C2B00EE96F8 /* CareerGrid.xctestplan */,
				F5BAF7362FD52E0D0009E281 /* CareerGrid */,
				F5BAF7462FD52E100009E281 /* CareerGridTests */,
				F59662032FD5D37F006E547B /* Frameworks */,
				F5BAF7352FD52E0D0009E281 /* Products */,
			);
			sourceTree = "<group>";
		};
		F5BAF7352FD52E0D0009E281 /* Products */ = {
			isa = PBXGroup;
			children = (
				F5BAF7342FD52E0D0009E281 /* CareerGrid.app */,
				F5BAF7432FD52E0F0009E281 /* CareerGridTests.xctest */,
				F5BAF74D2FD52E100009E281 /* CareerGridUITests.xctest */,
			);
			name = Products;
			sourceTree = "<group>";
		};
/* End PBXGroup section */

/* Begin PBXNativeTarget section */
		F5BAF7332FD52E0D0009E281 /* CareerGrid */ = {
			isa = PBXNativeTarget;
			buildConfigurationList = F5BAF7572FD52E100009E281 /* Build configuration list for PBXNativeTarget "CareerGrid" */;
			buildPhases = (
				F5BAF7302FD52E0D0009E281 /* Sources */,
				F5BAF7312FD52E0D0009E281 /* Frameworks */,
				F5BAF7322FD52E0D0009E281 /* Resources */,
			);
			buildRules = (
			);
			dependencies = (
			);
			fileSystemSynchronizedGroups = (
				F5BAF7362FD52E0D0009E281 /* CareerGrid */,
			);
			name = CareerGrid;
			packageProductDependencies = (
				F59662042FD5D37F006E547B /* NetworkingKit */,
			);
			productName = CareerGrid;
			productReference = F5BAF7342FD52E0D0009E281 /* CareerGrid.app */;
			productType = "com.apple.product-type.application";
		};
		F5BAF7422FD52E0F0009E281 /* CareerGridTests */ = {
			isa = PBXNativeTarget;
			buildConfigurationList = F5BAF75A2FD52E100009E281 /* Build configuration list for PBXNativeTarget "CareerGridTests" */;
			buildPhases = (
				F5BAF73F2FD52E0F0009E281 /* Sources */,
				F5BAF7402FD52E0F0009E281 /* Frameworks */,
				F5BAF7412FD52E0F0009E281 /* Resources */,
			);
			buildRules = (
			);
			dependencies = (
				F5BAF7452FD52E100009E281 /* PBXTargetDependency */,
			);
			fileSystemSynchronizedGroups = (
				F5BAF7462FD52E100009E281 /* CareerGridTests */,
			);
			name = CareerGridTests;
			packageProductDependencies = (
			);
			productName = CareerGridTests;
			productReference = F5BAF7432FD52E0F0009E281 /* CareerGridTests.xctest */;
			productType = "com.apple.product-type.bundle.unit-test";
		};
		F5BAF74C2FD52E100009E281 /* CareerGridUITests */ = {
			isa = PBXNativeTarget;
			buildConfigurationList = F5BAF75D2FD52E100009E281 /* Build configuration list for PBXNativeTarget "CareerGridUITests" */;
			buildPhases = (
				F5BAF7492FD52E100009E281 /* Sources */,
				F5BAF74A2FD52E100009E281 /* Frameworks */,
				F5BAF74B2FD52E100009E281 /* Resources */,
			);
			buildRules = (
			);
			dependencies = (
				F5BAF74F2FD52E100009E281 /* PBXTargetDependency */,
			);
			name = CareerGridUITests;
			packageProductDependencies = (
			);
			productName = CareerGridUITests;
			productReference = F5BAF74D2FD52E100009E281 /* CareerGridUITests.xctest */;
			productType = "com.apple.product-type.bundle.ui-testing";
		};
/* End PBXNativeTarget section */

/* Begin PBXProject section */
		F5BAF72C2FD52E0D0009E281 /* Project object */ = {
			isa = PBXProject;
			attributes = {
				BuildIndependentTargetsInParallel = 1;
				LastSwiftUpdateCheck = 2630;
				LastUpgradeCheck = 2630;
				TargetAttributes = {
					F5BAF7332FD52E0D0009E281 = {
						CreatedOnToolsVersion = 26.3;
					};
					F5BAF7422FD52E0F0009E281 = {
						CreatedOnToolsVersion = 26.3;
						TestTargetID = F5BAF7332FD52E0D0009E281;
					};
					F5BAF74C2FD52E100009E281 = {
						CreatedOnToolsVersion = 26.3;
						TestTargetID = F5BAF7332FD52E0D0009E281;
					};
				};
			};
			buildConfigurationList = F5BAF72F2FD52E0D0009E281 /* Build configuration list for PBXProject "CareerGrid" */;
			developmentRegion = en;
			hasScannedForEncodings = 0;
			knownRegions = (
				en,
				Base,
			);
			mainGroup = F5BAF72B2FD52E0D0009E281;
			minimizedProjectReferenceProxies = 1;
			preferredProjectObjectVersion = 77;
			productRefGroup = F5BAF7352FD52E0D0009E281 /* Products */;
			projectDirPath = "";
			projectRoot = "";
			targets = (
				F5BAF7332FD52E0D0009E281 /* CareerGrid */,
				F5BAF7422FD52E0F0009E281 /* CareerGridTests */,
				F5BAF74C2FD52E100009E281 /* CareerGridUITests */,
			);
		};
/* End PBXProject section */

/* Begin PBXResourcesBuildPhase section */
		F5BAF7322FD52E0D0009E281 /* Resources */ = {
			isa = PBXResourcesBuildPhase;
			buildActionMask = 2147483647;
			files = (
			);
			runOnlyForDeploymentPostprocessing = 0;
		};
		F5BAF7412FD52E0F0009E281 /* Resources */ = {
			isa = PBXResourcesBuildPhase;
			buildActionMask = 2147483647;
			files = (
			);
			runOnlyForDeploymentPostprocessing = 0;
		};
		F5BAF74B2FD52E100009E281 /* Resources */ = {
			isa = PBXResourcesBuildPhase;
			buildActionMask = 2147483647;
			files = (
			);
			runOnlyForDeploymentPostprocessing = 0;
		};
/* End PBXResourcesBuildPhase section */

/* Begin PBXSourcesBuildPhase section */
		F5BAF7302FD52E0D0009E281 /* Sources */ = {
			isa = PBXSourcesBuildPhase;
			buildActionMask = 2147483647;
			files = (
			);
			runOnlyForDeploymentPostprocessing = 0;
		};
		F5BAF73F2FD52E0F0009E281 /* Sources */ = {
			isa = PBXSourcesBuildPhase;
			buildActionMask = 2147483647;
			files = (
			);
			runOnlyForDeploymentPostprocessing = 0;
		};
		F5BAF7492FD52E100009E281 /* Sources */ = {
			isa = PBXSourcesBuildPhase;
			buildActionMask = 2147483647;
			files = (
			);
			runOnlyForDeploymentPostprocessing = 0;
		};
/* End PBXSourcesBuildPhase section */

/* Begin PBXTargetDependency section */
		F5BAF7452FD52E100009E281 /* PBXTargetDependency */ = {
			isa = PBXTargetDependency;
			target = F5BAF7332FD52E0D0009E281 /* CareerGrid */;
			targetProxy = F5BAF7442FD52E100009E281 /* PBXContainerItemProxy */;
		};
		F5BAF74F2FD52E100009E281 /* PBXTargetDependency */ = {
			isa = PBXTargetDependency;
			target = F5BAF7332FD52E0D0009E281 /* CareerGrid */;
			targetProxy = F5BAF74E2FD52E100009E281 /* PBXContainerItemProxy */;
		};
/* End PBXTargetDependency section */

/* Begin XCBuildConfiguration section */
		F5BAF7552FD52E100009E281 /* Debug */ = {
			isa = XCBuildConfiguration;
			buildSettings = {
				ALWAYS_SEARCH_USER_PATHS = NO;
				ASSETCATALOG_COMPILER_GENERATE_SWIFT_ASSET_SYMBOL_EXTENSIONS = YES;
				CLANG_ANALYZER_NONNULL = YES;
				CLANG_ANALYZER_NUMBER_OBJECT_CONVERSION = YES_AGGRESSIVE;
				CLANG_CXX_LANGUAGE_STANDARD = "gnu++20";
				CLANG_ENABLE_MODULES = YES;
				CLANG_ENABLE_OBJC_ARC = YES;
				CLANG_ENABLE_OBJC_WEAK = YES;
				CLANG_WARN_BLOCK_CAPTURE_AUTORELEASING = YES;
				CLANG_WARN_BOOL_CONVERSION = YES;
				CLANG_WARN_COMMA = YES;
				CLANG_WARN_CONSTANT_CONVERSION = YES;
				CLANG_WARN_DEPRECATED_OBJC_IMPLEMENTATIONS = YES;
				CLANG_WARN_DIRECT_OBJC_ISA_USAGE = YES_ERROR;
				CLANG_WARN_DOCUMENTATION_COMMENTS = YES;
				CLANG_WARN_EMPTY_BODY = YES;
				CLANG_WARN_ENUM_CONVERSION = YES;
				CLANG_WARN_INFINITE_RECURSION = YES;
				CLANG_WARN_INT_CONVERSION = YES;
				CLANG_WARN_NON_LITERAL_NULL_CONVERSION = YES;
				CLANG_WARN_OBJC_IMPLICIT_RETAIN_SELF = YES;
				CLANG_WARN_OBJC_LITERAL_CONVERSION = YES;
				CLANG_WARN_OBJC_ROOT_CLASS = YES_ERROR;
				CLANG_WARN_QUOTED_INCLUDE_IN_FRAMEWORK_HEADER = YES;
				CLANG_WARN_RANGE_LOOP_ANALYSIS = YES;
				CLANG_WARN_STRICT_PROTOTYPES = YES;
				CLANG_WARN_SUSPICIOUS_MOVE = YES;
				CLANG_WARN_UNGUARDED_AVAILABILITY = YES_AGGRESSIVE;
				CLANG_WARN_UNREACHABLE_CODE = YES;
				CLANG_WARN__DUPLICATE_METHOD_MATCH = YES;
				COPY_PHASE_STRIP = NO;
				DEBUG_INFORMATION_FORMAT = dwarf;
				DEVELOPMENT_TEAM = 6N6X7XQ723;
				ENABLE_STRICT_OBJC_MSGSEND = YES;
				ENABLE_TESTABILITY = YES;
				ENABLE_USER_SCRIPT_SANDBOXING = YES;
				GCC_C_LANGUAGE_STANDARD = gnu17;
				GCC_DYNAMIC_NO_PIC = NO;
				GCC_NO_COMMON_BLOCKS = YES;
				GCC_OPTIMIZATION_LEVEL = 0;
				GCC_PREPROCESSOR_DEFINITIONS = (
					"DEBUG=1",
					"$(inherited)",
				);
				GCC_WARN_64_TO_32_BIT_CONVERSION = YES;
				GCC_WARN_ABOUT_RETURN_TYPE = YES_ERROR;
				GCC_WARN_UNDECLARED_SELECTOR = YES;
				GCC_WARN_UNINITIALIZED_AUTOS = YES_AGGRESSIVE;
				GCC_WARN_UNUSED_FUNCTION = YES;
				GCC_WARN_UNUSED_VARIABLE = YES;
				IPHONEOS_DEPLOYMENT_TARGET = 26.2;
				LOCALIZATION_PREFERS_STRING_CATALOGS = YES;
				MTL_ENABLE_DEBUG_INFO = INCLUDE_SOURCE;
				MTL_FAST_MATH = YES;
				ONLY_ACTIVE_ARCH = YES;
				SDKROOT = iphoneos;
				SWIFT_ACTIVE_COMPILATION_CONDITIONS = "DEBUG $(inherited)";
				SWIFT_OPTIMIZATION_LEVEL = "-Onone";
			};
			name = Debug;
		};
		F5BAF7562FD52E100009E281 /* Release */ = {
			isa = XCBuildConfiguration;
			buildSettings = {
				ALWAYS_SEARCH_USER_PATHS = NO;
				ASSETCATALOG_COMPILER_GENERATE_SWIFT_ASSET_SYMBOL_EXTENSIONS = YES;
				CLANG_ANALYZER_NONNULL = YES;
				CLANG_ANALYZER_NUMBER_OBJECT_CONVERSION = YES_AGGRESSIVE;
				CLANG_CXX_LANGUAGE_STANDARD = "gnu++20";
				CLANG_ENABLE_MODULES = YES;
				CLANG_ENABLE_OBJC_ARC = YES;
				CLANG_ENABLE_OBJC_WEAK = YES;
				CLANG_WARN_BLOCK_CAPTURE_AUTORELEASING = YES;
				CLANG_WARN_BOOL_CONVERSION = YES;
				CLANG_WARN_COMMA = YES;
				CLANG_WARN_CONSTANT_CONVERSION = YES;
				CLANG_WARN_DEPRECATED_OBJC_IMPLEMENTATIONS = YES;
				CLANG_WARN_DIRECT_OBJC_ISA_USAGE = YES_ERROR;
				CLANG_WARN_DOCUMENTATION_COMMENTS = YES;
				CLANG_WARN_EMPTY_BODY = YES;
				CLANG_WARN_ENUM_CONVERSION = YES;
				CLANG_WARN_INFINITE_RECURSION = YES;
				CLANG_WARN_INT_CONVERSION = YES;
				CLANG_WARN_NON_LITERAL_NULL_CONVERSION = YES;
				CLANG_WARN_OBJC_IMPLICIT_RETAIN_SELF = YES;
				CLANG_WARN_OBJC_LITERAL_CONVERSION = YES;
				CLANG_WARN_OBJC_ROOT_CLASS = YES_ERROR;
				CLANG_WARN_QUOTED_INCLUDE_IN_FRAMEWORK_HEADER = YES;
				CLANG_WARN_RANGE_LOOP_ANALYSIS = YES;
				CLANG_WARN_STRICT_PROTOTYPES = YES;
				CLANG_WARN_SUSPICIOUS_MOVE = YES;
				CLANG_WARN_UNGUARDED_AVAILABILITY = YES_AGGRESSIVE;
				CLANG_WARN_UNREACHABLE_CODE = YES;
				CLANG_WARN__DUPLICATE_METHOD_MATCH = YES;
				COPY_PHASE_STRIP = NO;
				DEBUG_INFORMATION_FORMAT = "dwarf-with-dsym";
				DEVELOPMENT_TEAM = 6N6X7XQ723;
				ENABLE_NS_ASSERTIONS = NO;
				ENABLE_STRICT_OBJC_MSGSEND = YES;
				ENABLE_USER_SCRIPT_SANDBOXING = YES;
				GCC_C_LANGUAGE_STANDARD = gnu17;
				GCC_NO_COMMON_BLOCKS = YES;
				GCC_WARN_64_TO_32_BIT_CONVERSION = YES;
				GCC_WARN_ABOUT_RETURN_TYPE = YES_ERROR;
				GCC_WARN_UNDECLARED_SELECTOR = YES;
				GCC_WARN_UNINITIALIZED_AUTOS = YES_AGGRESSIVE;
				GCC_WARN_UNUSED_FUNCTION = YES;
				GCC_WARN_UNUSED_VARIABLE = YES;
				IPHONEOS_DEPLOYMENT_TARGET = 26.2;
				LOCALIZATION_PREFERS_STRING_CATALOGS = YES;
				MTL_ENABLE_DEBUG_INFO = NO;
				MTL_FAST_MATH = YES;
				SDKROOT = iphoneos;
				SWIFT_COMPILATION_MODE = wholemodule;
				VALIDATE_PRODUCT = YES;
			};
			name = Release;
		};
		F5BAF7582FD52E100009E281 /* Debug */ = {
			isa = XCBuildConfiguration;
			buildSettings = {
				ASSETCATALOG_COMPILER_APPICON_NAME = AppIcon;
				ASSETCATALOG_COMPILER_GLOBAL_ACCENT_COLOR_NAME = AccentColor;
				CODE_SIGN_STYLE = Automatic;
				CURRENT_PROJECT_VERSION = 1;
				DEVELOPMENT_TEAM = 6N6X7XQ723;
				ENABLE_PREVIEWS = YES;
				GENERATE_INFOPLIST_FILE = YES;
				INFOPLIST_KEY_UIApplicationSceneManifest_Generation = YES;
				INFOPLIST_KEY_UIApplicationSupportsIndirectInputEvents = YES;
				INFOPLIST_KEY_UILaunchScreen_Generation = YES;
				INFOPLIST_KEY_UISupportedInterfaceOrientations = UIInterfaceOrientationPortrait;
				INFOPLIST_KEY_UISupportedInterfaceOrientations_iPad = "UIInterfaceOrientationLandscapeLeft UIInterfaceOrientationLandscapeRight UIInterfaceOrientationPortrait UIInterfaceOrientationPortraitUpsideDown";
				IPHONEOS_DEPLOYMENT_TARGET = 26.0;
				LD_RUNPATH_SEARCH_PATHS = (
					"$(inherited)",
					"@executable_path/Frameworks",
				);
				MARKETING_VERSION = 1.0;
				PRODUCT_BUNDLE_IDENTIFIER = com.salariasales.careergrid.CareerGrid;
				PRODUCT_NAME = "$(TARGET_NAME)";
				STRING_CATALOG_GENERATE_SYMBOLS = YES;
				SWIFT_APPROACHABLE_CONCURRENCY = YES;
				SWIFT_DEFAULT_ACTOR_ISOLATION = MainActor;
				SWIFT_EMIT_LOC_STRINGS = YES;
				SWIFT_UPCOMING_FEATURE_MEMBER_IMPORT_VISIBILITY = YES;
				SWIFT_VERSION = 6.0;
				TARGETED_DEVICE_FAMILY = "1,2";
			};
			name = Debug;
		};
		F5BAF7592FD52E100009E281 /* Release */ = {
			isa = XCBuildConfiguration;
			buildSettings = {
				ASSETCATALOG_COMPILER_APPICON_NAME = AppIcon;
				ASSETCATALOG_COMPILER_GLOBAL_ACCENT_COLOR_NAME = AccentColor;
				CODE_SIGN_STYLE = Automatic;
				CURRENT_PROJECT_VERSION = 1;
				DEVELOPMENT_TEAM = 6N6X7XQ723;
				ENABLE_PREVIEWS = YES;
				GENERATE_INFOPLIST_FILE = YES;
				INFOPLIST_KEY_UIApplicationSceneManifest_Generation = YES;
				INFOPLIST_KEY_UIApplicationSupportsIndirectInputEvents = YES;
				INFOPLIST_KEY_UILaunchScreen_Generation = YES;
				INFOPLIST_KEY_UISupportedInterfaceOrientations = UIInterfaceOrientationPortrait;
				INFOPLIST_KEY_UISupportedInterfaceOrientations_iPad = "UIInterfaceOrientationLandscapeLeft UIInterfaceOrientationLandscapeRight UIInterfaceOrientationPortrait UIInterfaceOrientationPortraitUpsideDown";
				IPHONEOS_DEPLOYMENT_TARGET = 26.0;
				LD_RUNPATH_SEARCH_PATHS = (
					"$(inherited)",
					"@executable_path/Frameworks",
				);
				MARKETING_VERSION = 1.0;
				PRODUCT_BUNDLE_IDENTIFIER = com.salariasales.careergrid.CareerGrid;
				PRODUCT_NAME = "$(TARGET_NAME)";
				STRING_CATALOG_GENERATE_SYMBOLS = YES;
				SWIFT_APPROACHABLE_CONCURRENCY = YES;
				SWIFT_DEFAULT_ACTOR_ISOLATION = MainActor;
				SWIFT_EMIT_LOC_STRINGS = YES;
				SWIFT_UPCOMING_FEATURE_MEMBER_IMPORT_VISIBILITY = YES;
				SWIFT_VERSION = 6.0;
				TARGETED_DEVICE_FAMILY = "1,2";
			};
			name = Release;
		};
		F5BAF75B2FD52E100009E281 /* Debug */ = {
			isa = XCBuildConfiguration;
			buildSettings = {
				BUNDLE_LOADER = "$(TEST_HOST)";
				CODE_SIGN_STYLE = Automatic;
				CURRENT_PROJECT_VERSION = 1;
				DEVELOPMENT_TEAM = 6N6X7XQ723;
				GENERATE_INFOPLIST_FILE = YES;
				IPHONEOS_DEPLOYMENT_TARGET = 26.2;
				MARKETING_VERSION = 1.0;
				PRODUCT_BUNDLE_IDENTIFIER = com.salariasales.careergrid.CareerGridTests;
				PRODUCT_NAME = "$(TARGET_NAME)";
				STRING_CATALOG_GENERATE_SYMBOLS = NO;
				SWIFT_APPROACHABLE_CONCURRENCY = YES;
				SWIFT_EMIT_LOC_STRINGS = NO;
				SWIFT_UPCOMING_FEATURE_MEMBER_IMPORT_VISIBILITY = YES;
				SWIFT_VERSION = 5.0;
				TARGETED_DEVICE_FAMILY = "1,2";
				TEST_HOST = "$(BUILT_PRODUCTS_DIR)/CareerGrid.app/$(BUNDLE_EXECUTABLE_FOLDER_PATH)/CareerGrid";
			};
			name = Debug;
		};
		F5BAF75C2FD52E100009E281 /* Release */ = {
			isa = XCBuildConfiguration;
			buildSettings = {
				BUNDLE_LOADER = "$(TEST_HOST)";
				CODE_SIGN_STYLE = Automatic;
				CURRENT_PROJECT_VERSION = 1;
				DEVELOPMENT_TEAM = 6N6X7XQ723;
				GENERATE_INFOPLIST_FILE = YES;
				IPHONEOS_DEPLOYMENT_TARGET = 26.2;
				MARKETING_VERSION = 1.0;
				PRODUCT_BUNDLE_IDENTIFIER = com.salariasales.careergrid.CareerGridTests;
				PRODUCT_NAME = "$(TARGET_NAME)";
				STRING_CATALOG_GENERATE_SYMBOLS = NO;
				SWIFT_APPROACHABLE_CONCURRENCY = YES;
				SWIFT_EMIT_LOC_STRINGS = NO;
				SWIFT_UPCOMING_FEATURE_MEMBER_IMPORT_VISIBILITY = YES;
				SWIFT_VERSION = 5.0;
				TARGETED_DEVICE_FAMILY = "1,2";
				TEST_HOST = "$(BUILT_PRODUCTS_DIR)/CareerGrid.app/$(BUNDLE_EXECUTABLE_FOLDER_PATH)/CareerGrid";
			};
			name = Release;
		};
		F5BAF75E2FD52E100009E281 /* Debug */ = {
			isa = XCBuildConfiguration;
			buildSettings = {
				CODE_SIGN_STYLE = Automatic;
				CURRENT_PROJECT_VERSION = 1;
				DEVELOPMENT_TEAM = 6N6X7XQ723;
				GENERATE_INFOPLIST_FILE = YES;
				MARKETING_VERSION = 1.0;
				PRODUCT_BUNDLE_IDENTIFIER = com.salariasales.careergrid.CareerGridUITests;
				PRODUCT_NAME = "$(TARGET_NAME)";
				STRING_CATALOG_GENERATE_SYMBOLS = NO;
				SWIFT_APPROACHABLE_CONCURRENCY = YES;
				SWIFT_EMIT_LOC_STRINGS = NO;
				SWIFT_UPCOMING_FEATURE_MEMBER_IMPORT_VISIBILITY = YES;
				SWIFT_VERSION = 5.0;
				TARGETED_DEVICE_FAMILY = "1,2";
				TEST_TARGET_NAME = CareerGrid;
			};
			name = Debug;
		};
		F5BAF75F2FD52E100009E281 /* Release */ = {
			isa = XCBuildConfiguration;
			buildSettings = {
				CODE_SIGN_STYLE = Automatic;
				CURRENT_PROJECT_VERSION = 1;
				DEVELOPMENT_TEAM = 6N6X7XQ723;
				GENERATE_INFOPLIST_FILE = YES;
				MARKETING_VERSION = 1.0;
				PRODUCT_BUNDLE_IDENTIFIER = com.salariasales.careergrid.CareerGridUITests;
				PRODUCT_NAME = "$(TARGET_NAME)";
				STRING_CATALOG_GENERATE_SYMBOLS = NO;
				SWIFT_APPROACHABLE_CONCURRENCY = YES;
				SWIFT_EMIT_LOC_STRINGS = NO;
				SWIFT_UPCOMING_FEATURE_MEMBER_IMPORT_VISIBILITY = YES;
				SWIFT_VERSION = 5.0;
				TARGETED_DEVICE_FAMILY = "1,2";
				TEST_TARGET_NAME = CareerGrid;
			};
			name = Release;
		};
/* End XCBuildConfiguration section */

/* Begin XCConfigurationList section */
		F5BAF72F2FD52E0D0009E281 /* Build configuration list for PBXProject "CareerGrid" */ = {
			isa = XCConfigurationList;
			buildConfigurations = (
				F5BAF7552FD52E100009E281 /* Debug */,
				F5BAF7562FD52E100009E281 /* Release */,
			);
			defaultConfigurationIsVisible = 0;
			defaultConfigurationName = Release;
		};
		F5BAF7572FD52E100009E281 /* Build configuration list for PBXNativeTarget "CareerGrid" */ = {
			isa = XCConfigurationList;
			buildConfigurations = (
				F5BAF7582FD52E100009E281 /* Debug */,
				F5BAF7592FD52E100009E281 /* Release */,
			);
			defaultConfigurationIsVisible = 0;
			defaultConfigurationName = Release;
		};
		F5BAF75A2FD52E100009E281 /* Build configuration list for PBXNativeTarget "CareerGridTests" */ = {
			isa = XCConfigurationList;
			buildConfigurations = (
				F5BAF75B2FD52E100009E281 /* Debug */,
				F5BAF75C2FD52E100009E281 /* Release */,
			);
			defaultConfigurationIsVisible = 0;
			defaultConfigurationName = Release;
		};
		F5BAF75D2FD52E100009E281 /* Build configuration list for PBXNativeTarget "CareerGridUITests" */ = {
			isa = XCConfigurationList;
			buildConfigurations = (
				F5BAF75E2FD52E100009E281 /* Debug */,
				F5BAF75F2FD52E100009E281 /* Release */,
			);
			defaultConfigurationIsVisible = 0;
			defaultConfigurationName = Release;
		};
/* End XCConfigurationList section */

/* Begin XCSwiftPackageProductDependency section */
		F59662042FD5D37F006E547B /* NetworkingKit */ = {
			isa = XCSwiftPackageProductDependency;
			productName = NetworkingKit;
		};
/* End XCSwiftPackageProductDependency section */
	};
	rootObject = F5BAF72C2FD52E0D0009E281 /* Project object */;
}
